// !$*UTF8*$!
{
	archiveVersion = 1;
	classes = {
	};
	objectVersion = 50;
	objects = {

/* Begin PBXBuildFile section */
		460141D42213C0E10019019A /* AppDelegate.m in Sources */ = {isa = PBXBuildFile; fileRef = 460141D32213C0E10019019A /* AppDelegate.m */; };
		460141D72213C0E10019019A /* ViewController.m in Sources */ = {isa = PBXBuildFile; fileRef = 460141D62213C0E10019019A /* ViewController.m */; };
		460141DA2213C0E10019019A /* Main.storyboard in Resources */ = {isa = PBXBuildFile; fileRef = 460141D82213C0E10019019A /* Main.storyboard */; };
		460141DC2213C0E20019019A /* Assets.xcassets in Resources */ = {isa = PBXBuildFile; fileRef = 460141DB2213C0E20019019A /* Assets.xcassets */; };
		460141DF2213C0E20019019A /* LaunchScreen.storyboard in Resources */ = {isa = PBXBuildFile; fileRef = 460141DD2213C0E20019019A /* LaunchScreen.storyboard */; };
		460141E22213C0E20019019A /* main.m in Sources */ = {isa = PBXBuildFile; fileRef = 460141E12213C0E20019019A /* main.m */; };
		460141EC2213C0E20019019A /* WZDropDownViewUITests.m in Sources */ = {isa = PBXBuildFile; fileRef = 460141EB2213C0E20019019A /* WZDropDownViewUITests.m */; };
		460141F82213C0F80019019A /* WZDropDownView.m in Sources */ = {isa = PBXBuildFile; fileRef = 460141F72213C0F80019019A /* WZDropDownView.m */; };
		460141FA2213C3E80019019A /* arrowdown.png in Resources */ = {isa = PBXBuildFile; fileRef = 460141F92213C3E80019019A /* arrowdown.png */; };
		460141FC2213C42A0019019A /* 网易Logo.jpg in Resources */ = {isa = PBXBuildFile; fileRef = 460141FB2213C42A0019019A /* 网易Logo.jpg */; };
/* End PBXBuildFile section */

/* Begin PBXContainerItemProxy section */
		460141E82213C0E20019019A /* PBXContainerItemProxy */ = {
			isa = PBXContainerItemProxy;
			containerPortal = 460141C72213C0E10019019A /* Project object */;
			proxyType = 1;
			remoteGlobalIDString = 460141CE2213C0E10019019A;
			remoteInfo = WZDropDownView;
		};
/* End PBXContainerItemProxy section */

/* Begin PBXFileReference section */
		460141CF2213C0E10019019A /* WZDropDownView.app */ = {isa = PBXFileReference; explicitFileType = wrapper.application; includeInIndex = 0; path = WZDropDownView.app; sourceTree = BUILT_PRODUCTS_DIR; };
		460141D22213C0E10019019A /* AppDelegate.h */ = {isa = PBXFileReference; lastKnownFileType = sourcecode.c.h; path = AppDelegate.h; sourceTree = "<group>"; };
		460141D32213C0E10019019A /* AppDelegate.m */ = {isa = PBXFileReference; lastKnownFileType = sourcecode.c.objc; path = AppDelegate.m; sourceTree = "<group>"; };
		460141D52213C0E10019019A /* ViewController.h */ = {isa = PBXFileReference; lastKnownFileType = sourcecode.c.h; path = ViewController.h; sourceTree = "<group>"; };
		460141D62213C0E10019019A /* ViewController.m */ = {isa = PBXFileReference; lastKnownFileType = sourcecode.c.objc; path = ViewController.m; sourceTree = "<group>"; };
		460141D92213C0E10019019A /* Base */ = {isa = PBXFileReference; lastKnownFileType = file.storyboard; name = Base; path = Base.lproj/Main.storyboard; sourceTree = "<group>"; };
		460141DB2213C0E20019019A /* Assets.xcassets */ = {isa = PBXFileReference; lastKnownFileType = folder.assetcatalog; path = Assets.xcassets; sourceTree = "<group>"; };
		460141DE2213C0E20019019A /* Base */ = {isa = PBXFileReference; lastKnownFileType = file.storyboard; name = Base; path = Base.lproj/LaunchScreen.storyboard; sourceTree = "<group>"; };
		460141E02213C0E20019019A /* Info.plist */ = {isa = PBXFileReference; lastKnownFileType = text.plist.xml; path = Info.plist; sourceTree = "<group>"; };
		460141E12213C0E20019019A /* main.m */ = {isa = PBXFileReference; lastKnownFileType = sourcecode.c.objc; path = main.m; sourceTree = "<group>"; };
		460141E72213C0E20019019A /* WZDropDownViewUITests.xctest */ = {isa = PBXFileReference; explicitFileType = wrapper.cfbundle; includeInIndex = 0; path = WZDropDownViewUITests.xctest; sourceTree = BUILT_PRODUCTS_DIR; };
		460141EB2213C0E20019019A /* WZDropDownViewUITests.m */ = {isa = PBXFileReference; lastKnownFileType = sourcecode.c.objc; path = WZDropDownViewUITests.m; sourceTree = "<group>"; };
		460141ED2213C0E20019019A /* Info.plist */ = {isa = PBXFileReference; lastKnownFileType = text.plist.xml; path = Info.plist; sourceTree = "<group>"; };
		460141F62213C0F80019019A /* WZDropDownView.h */ = {isa = PBXFileReference; fileEncoding = 4; lastKnownFileType = sourcecode.c.h; path = WZDropDownView.h; sourceTree = "<group>"; };
		460141F72213C0F80019019A /* WZDropDownView.m */ = {isa = PBXFileReference; fileEncoding = 4; lastKnownFileType = sourcecode.c.objc; path = WZDropDownView.m; sourceTree = "<group>"; };
		460141F92213C3E80019019A /* arrowdown.png */ = {isa = PBXFileReference; lastKnownFileType = image.png; path = arrowdown.png; sourceTree = "<group>"; };
		460141FB2213C42A0019019A /* 网易Logo.jpg */ = {isa = PBXFileReference; lastKnownFileType = image.jpeg; path = "网易Logo.jpg"; sourceTree = "<group>"; };
/* End PBXFileReference section */

/* Begin PBXFrameworksBuildPhase section */
		460141CC2213C0E10019019A /* Frameworks */ = {
			isa = PBXFrameworksBuildPhase;
			buildActionMask = 2147483647;
			files = (
			);
			runOnlyForDeploymentPostprocessing = 0;
		};
		460141E42213C0E20019019A /* Frameworks */ = {
			isa = PBXFrameworksBuildPhase;
			buildActionMask = 2147483647;
			files = (
			);
			runOnlyForDeploymentPostprocessing = 0;
		};
/* End PBXFrameworksBuildPhase section */

/* Begin PBXGroup section */
		460141C62213C0E10019019A = {
			isa = PBXGroup;
			children = (
				460141D12213C0E10019019A /* WZDropDownView */,
				460141EA2213C0E20019019A /* WZDropDownViewUITests */,
				460141D02213C0E10019019A /* Products */,
			);
			sourceTree = "<group>";
		};
		460141D02213C0E10019019A /* Products */ = {
			isa = PBXGroup;
			children = (
				460141CF2213C0E10019019A /* WZDropDownView.app */,
				460141E72213C0E20019019A /* WZDropDownViewUITests.xctest */,
			);
			name = Products;
			sourceTree = "<group>";
		};
		460141D12213C0E10019019A /* WZDropDownView */ = {
			isa = PBXGroup;
			children = (
				460141FB2213C42A0019019A /* 网易Logo.jpg */,
				460141F92213C3E80019019A /* arrowdown.png */,
				460141F62213C0F80019019A /* WZDropDownView.h */,
				460141F72213C0F80019019A /* WZDropDownView.m */,
				460141D22213C0E10019019A /* AppDelegate.h */,
				460141D32213C0E10019019A /* AppDelegate.m */,
				460141D52213C0E10019019A /* ViewController.h */,
				460141D62213C0E10019019A /* ViewController.m */,
				460141D82213C0E10019019A /* Main.storyboard */,
				460141DB2213C0E20019019A /* Assets.xcassets */,
				460141DD2213C0E20019019A /* LaunchScreen.storyboard */,
				460141E02213C0E20019019A /* Info.plist */,
				460141E12213C0E20019019A /* main.m */,
			);
			path = WZDropDownView;
			sourceTree = "<group>";
		};
		460141EA2213C0E20019019A /* WZDropDownViewUITests */ = {
			isa = PBXGroup;
			children = (
				460141EB2213C0E20019019A /* WZDropDownViewUITests.m */,
				460141ED2213C0E20019019A /* Info.plist */,
			);
			path = WZDropDownViewUITests;
			sourceTree = "<group>";
		};
/* End PBXGroup section */

/* Begin PBXNativeTarget section */
		460141CE2213C0E10019019A /* WZDropDownView */ = {
			isa = PBXNativeTarget;
			buildConfigurationList = 460141F02213C0E20019019A /* Build configuration list for PBXNativeTarget "WZDropDownView" */;
			buildPhases = (
				460141CB2213C0E10019019A /* Sources */,
				460141CC2213C0E10019019A /* Frameworks */,
				460141CD2213C0E10019019A /* Resources */,
			);
			buildRules = (
			);
			dependencies = (
			);
			name = WZDropDownView;
			productName = WZDropDownView;
			productReference = 460141CF2213C0E10019019A /* WZDropDownView.app */;
			productType = "com.apple.product-type.application";
		};
		460141E62213C0E20019019A /* WZDropDownViewUITests */ = {
			isa = PBXNativeTarget;
			buildConfigurationList = 460141F32213C0E20019019A /* Build configuration list for PBXNativeTarget "WZDropDownViewUITests" */;
			buildPhases = (
				460141E32213C0E20019019A /* Sources */,
				460141E42213C0E20019019A /* Frameworks */,
				460141E52213C0E20019019A /* Resources */,
			);
			buildRules = (
			);
			dependencies = (
				460141E92213C0E20019019A /* PBXTargetDependency */,
			);
			name = WZDropDownViewUITests;
			productName = WZDropDownViewUITests;
			productReference = 460141E72213C0E20019019A /* WZDropDownViewUITests.xctest */;
			productType = "com.apple.product-type.bundle.ui-testing";
		};
/* End PBXNativeTarget section */

/* Begin PBXProject section */
		460141C72213C0E10019019A /* Project object */ = {
			isa = PBXProject;
			attributes = {
				LastUpgradeCheck = 1010;
				ORGANIZATIONNAME = "zhu wangshu";
				TargetAttributes = {
					460141CE2213C0E10019019A = {
						CreatedOnToolsVersion = 10.1;
					};
					460141E62213C0E20019019A = {
						CreatedOnToolsVersion = 10.1;
						TestTargetID = 460141CE2213C0E10019019A;
					};
				};
			};
			buildConfigurationList = 460141CA2213C0E10019019A /* Build configuration list for PBXProject "WZDropDownView" */;
			compatibilityVersion = "Xcode 9.3";
			developmentRegion = en;
			hasScannedForEncodings = 0;
			knownRegions = (
				en,
				Base,
			);
			mainGroup = 460141C62213C0E10019019A;
			productRefGroup = 460141D02213C0E10019019A /* Products */;
			projectDirPath = "";
			projectRoot = "";
			targets = (
				460141CE2213C0E10019019A /* WZDropDownView */,
				460141E62213C0E20019019A /* WZDropDownViewUITests */,
			);
		};
/* End PBXProject section */

/* Begin PBXResourcesBuildPhase section */
		460141CD2213C0E10019019A /* Resources */ = {
			isa = PBXResourcesBuildPhase;
			buildActionMask = 2147483647;
			files = (
				460141DF2213C0E20019019A /* LaunchScreen.storyboard in Resources */,
				460141DC2213C0E20019019A /* Assets.xcassets in Resources */,
				460141DA2213C0E10019019A /* Main.storyboard in Resources */,
				460141FA2213C3E80019019A /* arrowdown.png in Resources */,
				460141FC2213C42A0019019A /* 网易Logo.jpg in Resources */,
			);
			runOnlyForDeploymentPostprocessing = 0;
		};
		460141E52213C0E20019019A /* Resources */ = {
			isa = PBXResourcesBuildPhase;
			buildActionMask = 2147483647;
			files = (
			);
			runOnlyForDeploymentPostprocessing = 0;
		};
/* End PBXResourcesBuildPhase section */

/* Begin PBXSourcesBuildPhase section */
		460141CB2213C0E10019019A /* Sources */ = {
			isa = PBXSourcesBuildPhase;
			buildActionMask = 2147483647;
			files = (
				460141F82213C0F80019019A /* WZDropDownView.m in Sources */,
				460141D72213C0E10019019A /* ViewController.m in Sources */,
				460141E22213C0E20019019A /* main.m in Sources */,
				460141D42213C0E10019019A /* AppDelegate.m in Sources */,
			);
			runOnlyForDeploymentPostprocessing = 0;
		};
		460141E32213C0E20019019A /* Sources */ = {
			isa = PBXSourcesBuildPhase;
			buildActionMask = 2147483647;
			files = (
				460141EC2213C0E20019019A /* WZDropDownViewUITests.m in Sources */,
			);
			runOnlyForDeploymentPostprocessing = 0;
		};
/* End PBXSourcesBuildPhase section */

/* Begin PBXTargetDependency section */
		460141E92213C0E20019019A /* PBXTargetDependency */ = {
			isa = PBXTargetDependency;
			target = 460141CE2213C0E10019019A /* WZDropDownView */;
			targetProxy = 460141E82213C0E20019019A /* PBXContainerItemProxy */;
		};
/* End PBXTargetDependency section */

/* Begin PBXVariantGroup section */
		460141D82213C0E10019019A /* Main.storyboard */ = {
			isa = PBXVariantGroup;
			children = (
				460141D92213C0E10019019A /* Base */,
			);
			name = Main.storyboard;
			sourceTree = "<group>";
		};
		460141DD2213C0E20019019A /* LaunchScreen.storyboard */ = {
			isa = PBXVariantGroup;
			children = (
				460141DE2213C0E20019019A /* Base */,
			);
			name = LaunchScreen.storyboard;
			sourceTree = "<group>";
		};
/* End PBXVariantGroup section */

/* Begin XCBuildConfiguration section */
		460141EE2213C0E20019019A /* Debug */ = {
			isa = XCBuildConfiguration;
			buildSettings = {
				ALWAYS_SEARCH_USER_PATHS = NO;
				CLANG_ANALYZER_NONNULL = YES;
				CLANG_ANALYZER_NUMBER_OBJECT_CONVERSION = YES_AGGRESSIVE;
				CLANG_CXX_LANGUAGE_STANDARD = "gnu++14";
				CLANG_CXX_LIBRARY = "libc++";
				CLANG_ENABLE_MODULES = YES;
				CLANG_ENABLE_OBJC_ARC = YES;
				CLANG_ENABLE_OBJC_WEAK = YES;
				CLANG_WARN_BLOCK_CAPTURE_AUTORELEASING = YES;
				CLANG_WARN_BOOL_CONVERSION = YES;
				CLANG_WARN_COMMA = YES;
				CLANG_WARN_CONSTANT_CONVERSION = YES;
				CLANG_WARN_DEPRECATED_OBJC_IMPLEMENTATIONS = YES;
				CLANG_WARN_DIRECT_OBJC_ISA_USAGE = YES_ERROR;
				CLANG_WARN_DOCUMENTATION_COMMENTS = YES;
				CLANG_WARN_EMPTY_BODY = YES;
				CLANG_WARN_ENUM_CONVERSION = YES;
				CLANG_WARN_INFINITE_RECURSION = YES;
				CLANG_WARN_INT_CONVERSION = YES;
				CLANG_WARN_NON_LITERAL_NULL_CONVERSION = YES;
				CLANG_WARN_OBJC_IMPLICIT_RETAIN_SELF = YES;
				CLANG_WARN_OBJC_LITERAL_CONVERSION = YES;
				CLANG_WARN_OBJC_ROOT_CLASS = YES_ERROR;
				CLANG_WARN_RANGE_LOOP_ANALYSIS = YES;
				CLANG_WARN_STRICT_PROTOTYPES = YES;
				CLANG_WARN_SUSPICIOUS_MOVE = YES;
				CLANG_WARN_UNGUARDED_AVAILABILITY = YES_AGGRESSIVE;
				CLANG_WARN_UNREACHABLE_CODE = YES;
				CLANG_WARN__DUPLICATE_METHOD_MATCH = YES;
				CODE_SIGN_IDENTITY = "iPhone Developer";
				COPY_PHASE_STRIP = NO;
				DEBUG_INFORMATION_FORMAT = dwarf;
				ENABLE_STRICT_OBJC_MSGSEND = YES;
				ENABLE_TESTABILITY = YES;
				GCC_C_LANGUAGE_STANDARD = gnu11;
				GCC_DYNAMIC_NO_PIC = NO;
				GCC_NO_COMMON_BLOCKS = YES;
				GCC_OPTIMIZATION_LEVEL = 0;
				GCC_PREPROCESSOR_DEFINITIONS = (
					"DEBUG=1",
					"$(inherited)",
				);
				GCC_WARN_64_TO_32_BIT_CONVERSION = YES;
				GCC_WARN_ABOUT_RETURN_TYPE = YES_ERROR;
				GCC_WARN_UNDECLARED_SELECTOR = YES;
				GCC_WARN_UNINITIALIZED_AUTOS = YES_AGGRESSIVE;
				GCC_WARN_UNUSED_FUNCTION = YES;
				GCC_WARN_UNUSED_VARIABLE = YES;
				IPHONEOS_DEPLOYMENT_TARGET = 12.1;
				MTL_ENABLE_DEBUG_INFO = INCLUDE_SOURCE;
				MTL_FAST_MATH = YES;
				ONLY_ACTIVE_ARCH = YES;
				SDKROOT = iphoneos;
			};
			name = Debug;
		};
		460141EF2213C0E20019019A /* Release */ = {
			isa = XCBuildConfiguration;
			buildSettings = {
				ALWAYS_SEARCH_USER_PATHS = NO;
				CLANG_ANALYZER_NONNULL = YES;
				CLANG_ANALYZER_NUMBER_OBJECT_CONVERSION = YES_AGGRESSIVE;
				CLANG_CXX_LANGUAGE_STANDARD = "gnu++14";
				CLANG_CXX_LIBRARY = "libc++";
				CLANG_ENABLE_MODULES = YES;
				CLANG_ENABLE_OBJC_ARC = YES;
				CLANG_ENABLE_OBJC_WEAK = YES;
				CLANG_WARN_BLOCK_CAPTURE_AUTORELEASING = YES;
				CLANG_WARN_BOOL_CONVERSION = YES;
				CLANG_WARN_COMMA = YES;
				CLANG_WARN_CONSTANT_CONVERSION = YES;
				CLANG_WARN_DEPRECATED_OBJC_IMPLEMENTATIONS = YES;
				CLANG_WARN_DIRECT_OBJC_ISA_USAGE = YES_ERROR;
				CLANG_WARN_DOCUMENTATION_COMMENTS = YES;
				CLANG_WARN_EMPTY_BODY = YES;
				CLANG_WARN_ENUM_CONVERSION = YES;
				CLANG_WARN_INFINITE_RECURSION = YES;
				CLANG_WARN_INT_CONVERSION = YES;
				CLANG_WARN_NON_LITERAL_NULL_CONVERSION = YES;
				CLANG_WARN_OBJC_IMPLICIT_RETAIN_SELF = YES;
				CLANG_WARN_OBJC_LITERAL_CONVERSION = YES;
				CLANG_WARN_OBJC_ROOT_CLASS = YES_ERROR;
				CLANG_WARN_RANGE_LOOP_ANALYSIS = YES;
				CLANG_WARN_STRICT_PROTOTYPES = YES;
				CLANG_WARN_SUSPICIOUS_MOVE = YES;
				CLANG_WARN_UNGUARDED_AVAILABILITY = YES_AGGRESSIVE;
				CLANG_WARN_UNREACHABLE_CODE = YES;
				CLANG_WARN__DUPLICATE_METHOD_MATCH = YES;
				CODE_SIGN_IDENTITY = "iPhone Developer";
				COPY_PHASE_STRIP = NO;
				DEBUG_INFORMATION_FORMAT = "dwarf-with-dsym";
				ENABLE_NS_ASSERTIONS = NO;
				ENABLE_STRICT_OBJC_MSGSEND = YES;
				GCC_C_LANGUAGE_STANDARD = gnu11;
				GCC_NO_COMMON_BLOCKS = YES;
				GCC_WARN_64_TO_32_BIT_CONVERSION = YES;
				GCC_WARN_ABOUT_RETURN_TYPE = YES_ERROR;
				GCC_WARN_UNDECLARED_SELECTOR = YES;
				GCC_WARN_UNINITIALIZED_AUTOS = YES_AGGRESSIVE;
				GCC_WARN_UNUSED_FUNCTION = YES;
				GCC_WARN_UNUSED_VARIABLE = YES;
				IPHONEOS_DEPLOYMENT_TARGET = 12.1;
				MTL_ENABLE_DEBUG_INFO = NO;
				MTL_FAST_MATH = YES;
				SDKROOT = iphoneos;
				VALIDATE_PRODUCT = YES;
			};
			name = Release;
		};
		460141F12213C0E20019019A /* Debug */ = {
			isa = XCBuildConfiguration;
			buildSettings = {
				ASSETCATALOG_COMPILER_APPICON_NAME = AppIcon;
				CODE_SIGN_STYLE = Automatic;
				DEVELOPMENT_TEAM = BW3P8H7N9K;
				INFOPLIST_FILE = WZDropDownView/Info.plist;
				LD_RUNPATH_SEARCH_PATHS = (
					"$(inherited)",
					"@executable_path/Frameworks",
				);
				PRODUCT_BUNDLE_IDENTIFIER = com.fakemail1968.WZDropDownView;
				PRODUCT_NAME = "$(TARGET_NAME)";
				TARGETED_DEVICE_FAMILY = "1,2";
			};
			name = Debug;
		};
		460141F22213C0E20019019A /* Release */ = {
			isa = XCBuildConfiguration;
			buildSettings = {
				ASSETCATALOG_COMPILER_APPICON_NAME = AppIcon;
				CODE_SIGN_STYLE = Automatic;
				DEVELOPMENT_TEAM = BW3P8H7N9K;
				INFOPLIST_FILE = WZDropDownView/Info.plist;
				LD_RUNPATH_SEARCH_PATHS = (
					"$(inherited)",
					"@executable_path/Frameworks",
				);
				PRODUCT_BUNDLE_IDENTIFIER = com.fakemail1968.WZDropDownView;
				PRODUCT_NAME = "$(TARGET_NAME)";
				TARGETED_DEVICE_FAMILY = "1,2";
			};
			name = Release;
		};
		460141F42213C0E20019019A /* Debug */ = {
			isa = XCBuildConfiguration;
			buildSettings = {
				CODE_SIGN_STYLE = Automatic;
				DEVELOPMENT_TEAM = BW3P8H7N9K;
				INFOPLIST_FILE = WZDropDownViewUITests/Info.plist;
				LD_RUNPATH_SEARCH_PATHS = (
					"$(inherited)",
					"@executable_path/Frameworks",
					"@loader_path/Frameworks",
				);
				PRODUCT_BUNDLE_IDENTIFIER = com.fakemail1968.WZDropDownViewUITests;
				PRODUCT_NAME = "$(TARGET_NAME)";
				TARGETED_DEVICE_FAMILY = "1,2";
				TEST_TARGET_NAME = WZDropDownView;
			};
			name = Debug;
		};
		460141F52213C0E20019019A /* Release */ = {
			isa = XCBuildConfiguration;
			buildSettings = {
				CODE_SIGN_STYLE = Automatic;
				DEVELOPMENT_TEAM = BW3P8H7N9K;
				INFOPLIST_FILE = WZDropDownViewUITests/Info.plist;
				LD_RUNPATH_SEARCH_PATHS = (
					"$(inherited)",
					"@executable_path/Frameworks",
					"@loader_path/Frameworks",
				);
				PRODUCT_BUNDLE_IDENTIFIER = com.fakemail1968.WZDropDownViewUITests;
				PRODUCT_NAME = "$(TARGET_NAME)";
				TARGETED_DEVICE_FAMILY = "1,2";
				TEST_TARGET_NAME = WZDropDownView;
			};
			name = Release;
		};
/* End XCBuildConfiguration section */

/* Begin XCConfigurationList section */
		460141CA2213C0E10019019A /* Build configuration list for PBXProject "WZDropDownView" */ = {
			isa = XCConfigurationList;
			buildConfigurations = (
				460141EE2213C0E20019019A /* Debug */,
				460141EF2213C0E20019019A /* Release */,
			);
			defaultConfigurationIsVisible = 0;
			defaultConfigurationName = Release;
		};
		460141F02213C0E20019019A /* Build configuration list for PBXNativeTarget "WZDropDownView" */ = {
			isa = XCConfigurationList;
			buildConfigurations = (
				460141F12213C0E20019019A /* Debug */,
				460141F22213C0E20019019A /* Release */,
			);
			defaultConfigurationIsVisible = 0;
			defaultConfigurationName = Release;
		};
		460141F32213C0E20019019A /* Build configuration list for PBXNativeTarget "WZDropDownViewUITests" */ = {
			isa = XCConfigurationList;
			buildConfigurations = (
				460141F42213C0E20019019A /* Debug */,
				460141F52213C0E20019019A /* Release */,
			);
			defaultConfigurationIsVisible = 0;
			defaultConfigurationName = Release;
		};
/* End XCConfigurationList section */
	};
	rootObject = 460141C72213C0E10019019A /* Project object */;
}
